// !$*UTF8*$!
{
	archiveVersion = 1;
	classes = {
	};
	objectVersion = 50;
	objects = {

/* Begin PBXBuildFile section */
		DA3636EC2200783700424B55 /* AppDelegate.swift in Sources */ = {isa = PBXBuildFile; fileRef = DA3636EB2200783700424B55 /* AppDelegate.swift */; };
		DA3636F32200783700424B55 /* Assets.xcassets in Resources */ = {isa = PBXBuildFile; fileRef = DA3636F22200783700424B55 /* Assets.xcassets */; };
		DA3636F62200783700424B55 /* LaunchScreen.storyboard in Resources */ = {isa = PBXBuildFile; fileRef = DA3636F42200783700424B55 /* LaunchScreen.storyboard */; };
		DA3637012200783700424B55 /* RedViewModuleTests.swift in Sources */ = {isa = PBXBuildFile; fileRef = DA3637002200783700424B55 /* RedViewModuleTests.swift */; };
		DA363719220078C500424B55 /* RedViewModuleFramework.framework in Frameworks */ = {isa = PBXBuildFile; fileRef = DA363710220078C400424B55 /* RedViewModuleFramework.framework */; };
		DA363720220078C500424B55 /* RedViewModuleFrameworkTests.swift in Sources */ = {isa = PBXBuildFile; fileRef = DA36371F220078C500424B55 /* RedViewModuleFrameworkTests.swift */; };
		DA363722220078C500424B55 /* RedViewModuleFramework.h in Headers */ = {isa = PBXBuildFile; fileRef = DA363712220078C500424B55 /* RedViewModuleFramework.h */; settings = {ATTRIBUTES = (Public, ); }; };
		DA36372E2200796400424B55 /* RedViewController.swift in Sources */ = {isa = PBXBuildFile; fileRef = DA3636ED2200783700424B55 /* RedViewController.swift */; };
		DAB3E75522030B8C00CE6E3A /* RedViewModuleFramework.framework in Embed Frameworks */ = {isa = PBXBuildFile; fileRef = DA363710220078C400424B55 /* RedViewModuleFramework.framework */; settings = {ATTRIBUTES = (CodeSignOnCopy, RemoveHeadersOnCopy, ); }; };
		DAB3E75922030B9000CE6E3A /* RedViewModuleFramework.framework in Frameworks */ = {isa = PBXBuildFile; fileRef = DA363710220078C400424B55 /* RedViewModuleFramework.framework */; };
/* End PBXBuildFile section */

/* Begin PBXContainerItemProxy section */
		DA3636FD2200783700424B55 /* PBXContainerItemProxy */ = {
			isa = PBXContainerItemProxy;
			containerPortal = DA3636E02200783700424B55 /* Project object */;
			proxyType = 1;
			remoteGlobalIDString = DA3636E72200783700424B55;
			remoteInfo = RedViewModule;
		};
		DA36371A220078C500424B55 /* PBXContainerItemProxy */ = {
			isa = PBXContainerItemProxy;
			containerPortal = DA3636E02200783700424B55 /* Project object */;
			proxyType = 1;
			remoteGlobalIDString = DA36370F220078C400424B55;
			remoteInfo = RedViewModuleFramework;
		};
		DA36371C220078C500424B55 /* PBXContainerItemProxy */ = {
			isa = PBXContainerItemProxy;
			containerPortal = DA3636E02200783700424B55 /* Project object */;
			proxyType = 1;
			remoteGlobalIDString = DA3636E72200783700424B55;
			remoteInfo = RedViewModule;
		};
		DAB3E75622030B8C00CE6E3A /* PBXContainerItemProxy */ = {
			isa = PBXContainerItemProxy;
			containerPortal = DA3636E02200783700424B55 /* Project object */;
			proxyType = 1;
			remoteGlobalIDString = DA36370F220078C400424B55;
			remoteInfo = RedViewModuleFramework;
		};
/* End PBXContainerItemProxy section */

/* Begin PBXCopyFilesBuildPhase section */
		DAB3E75822030B8C00CE6E3A /* Embed Frameworks */ = {
			isa = PBXCopyFilesBuildPhase;
			buildActionMask = 2147483647;
			dstPath = "";
			dstSubfolderSpec = 10;
			files = (
				DAB3E75522030B8C00CE6E3A /* RedViewModuleFramework.framework in Embed Frameworks */,
			);
			name = "Embed Frameworks";
			runOnlyForDeploymentPostprocessing = 0;
		};
/* End PBXCopyFilesBuildPhase section */

/* Begin PBXFileReference section */
		DA3636E82200783700424B55 /* RedViewModule.app */ = {isa = PBXFileReference; explicitFileType = wrapper.application; includeInIndex = 0; path = RedViewModule.app; sourceTree = BUILT_PRODUCTS_DIR; };
		DA3636EB2200783700424B55 /* AppDelegate.swift */ = {isa = PBXFileReference; lastKnownFileType = sourcecode.swift; path = AppDelegate.swift; sourceTree = "<group>"; };
		DA3636ED2200783700424B55 /* RedViewController.swift */ = {isa = PBXFileReference; lastKnownFileType = sourcecode.swift; path = RedViewController.swift; sourceTree = "<group>"; };
		DA3636F22200783700424B55 /* Assets.xcassets */ = {isa = PBXFileReference; lastKnownFileType = folder.assetcatalog; path = Assets.xcassets; sourceTree = "<group>"; };
		DA3636F52200783700424B55 /* Base */ = {isa = PBXFileReference; lastKnownFileType = file.storyboard; name = Base; path = Base.lproj/LaunchScreen.storyboard; sourceTree = "<group>"; };
		DA3636F72200783700424B55 /* Info.plist */ = {isa = PBXFileReference; lastKnownFileType = text.plist.xml; path = Info.plist; sourceTree = "<group>"; };
		DA3636FC2200783700424B55 /* RedViewModuleTests.xctest */ = {isa = PBXFileReference; explicitFileType = wrapper.cfbundle; includeInIndex = 0; path = RedViewModuleTests.xctest; sourceTree = BUILT_PRODUCTS_DIR; };
		DA3637002200783700424B55 /* RedViewModuleTests.swift */ = {isa = PBXFileReference; lastKnownFileType = sourcecode.swift; path = RedViewModuleTests.swift; sourceTree = "<group>"; };
		DA3637022200783700424B55 /* Info.plist */ = {isa = PBXFileReference; lastKnownFileType = text.plist.xml; path = Info.plist; sourceTree = "<group>"; };
		DA363710220078C400424B55 /* RedViewModuleFramework.framework */ = {isa = PBXFileReference; explicitFileType = wrapper.framework; includeInIndex = 0; path = RedViewModuleFramework.framework; sourceTree = BUILT_PRODUCTS_DIR; };
		DA363712220078C500424B55 /* RedViewModuleFramework.h */ = {isa = PBXFileReference; lastKnownFileType = sourcecode.c.h; path = RedViewModuleFramework.h; sourceTree = "<group>"; };
		DA363713220078C500424B55 /* Info.plist */ = {isa = PBXFileReference; lastKnownFileType = text.plist.xml; path = Info.plist; sourceTree = "<group>"; };
		DA363718220078C500424B55 /* RedViewModuleFrameworkTests.xctest */ = {isa = PBXFileReference; explicitFileType = wrapper.cfbundle; includeInIndex = 0; path = RedViewModuleFrameworkTests.xctest; sourceTree = BUILT_PRODUCTS_DIR; };
		DA36371F220078C500424B55 /* RedViewModuleFrameworkTests.swift */ = {isa = PBXFileReference; lastKnownFileType = sourcecode.swift; path = RedViewModuleFrameworkTests.swift; sourceTree = "<group>"; };
		DA363721220078C500424B55 /* Info.plist */ = {isa = PBXFileReference; lastKnownFileType = text.plist.xml; path = Info.plist; sourceTree = "<group>"; };
/* End PBXFileReference section */

/* Begin PBXFrameworksBuildPhase section */
		DA3636E52200783700424B55 /* Frameworks */ = {
			isa = PBXFrameworksBuildPhase;
			buildActionMask = 2147483647;
			files = (
				DAB3E75922030B9000CE6E3A /* RedViewModuleFramework.framework in Frameworks */,
			);
			runOnlyForDeploymentPostprocessing = 0;
		};
		DA3636F92200783700424B55 /* Frameworks */ = {
			isa = PBXFrameworksBuildPhase;
			buildActionMask = 2147483647;
			files = (
			);
			runOnlyForDeploymentPostprocessing = 0;
		};
		DA36370D220078C400424B55 /* Frameworks */ = {
			isa = PBXFrameworksBuildPhase;
			buildActionMask = 2147483647;
			files = (
			);
			runOnlyForDeploymentPostprocessing = 0;
		};
		DA363715220078C500424B55 /* Frameworks */ = {
			isa = PBXFrameworksBuildPhase;
			buildActionMask = 2147483647;
			files = (
				DA363719220078C500424B55 /* RedViewModuleFramework.framework in Frameworks */,
			);
			runOnlyForDeploymentPostprocessing = 0;
		};
/* End PBXFrameworksBuildPhase section */

/* Begin PBXGroup section */
		DA3636DF2200783700424B55 = {
			isa = PBXGroup;
			children = (
				DA3636EA2200783700424B55 /* RedViewModule */,
				DA363711220078C500424B55 /* RedViewModuleFramework */,
				DA3636FF2200783700424B55 /* RedViewModuleTests */,
				DA36371E220078C500424B55 /* RedViewModuleFrameworkTests */,
				DA3636E92200783700424B55 /* Products */,
				DA36373122007D5200424B55 /* Frameworks */,
			);
			sourceTree = "<group>";
		};
		DA3636E92200783700424B55 /* Products */ = {
			isa = PBXGroup;
			children = (
				DA3636E82200783700424B55 /* RedViewModule.app */,
				DA3636FC2200783700424B55 /* RedViewModuleTests.xctest */,
				DA363710220078C400424B55 /* RedViewModuleFramework.framework */,
				DA363718220078C500424B55 /* RedViewModuleFrameworkTests.xctest */,
			);
			name = Products;
			sourceTree = "<group>";
		};
		DA3636EA2200783700424B55 /* RedViewModule */ = {
			isa = PBXGroup;
			children = (
				DA3636EB2200783700424B55 /* AppDelegate.swift */,
				DA3636F22200783700424B55 /* Assets.xcassets */,
				DA3636F42200783700424B55 /* LaunchScreen.storyboard */,
				DA3636F72200783700424B55 /* Info.plist */,
			);
			path = RedViewModule;
			sourceTree = "<group>";
		};
		DA3636FF2200783700424B55 /* RedViewModuleTests */ = {
			isa = PBXGroup;
			children = (
				DA3637002200783700424B55 /* RedViewModuleTests.swift */,
				DA3637022200783700424B55 /* Info.plist */,
			);
			path = RedViewModuleTests;
			sourceTree = "<group>";
		};
		DA363711220078C500424B55 /* RedViewModuleFramework */ = {
			isa = PBXGroup;
			children = (
				DA3636ED2200783700424B55 /* RedViewController.swift */,
				DA363712220078C500424B55 /* RedViewModuleFramework.h */,
				DA363713220078C500424B55 /* Info.plist */,
			);
			path = RedViewModuleFramework;
			sourceTree = "<group>";
		};
		DA36371E220078C500424B55 /* RedViewModuleFrameworkTests */ = {
			isa = PBXGroup;
			children = (
				DA36371F220078C500424B55 /* RedViewModuleFrameworkTests.swift */,
				DA363721220078C500424B55 /* Info.plist */,
			);
			path = RedViewModuleFrameworkTests;
			sourceTree = "<group>";
		};
		DA36373122007D5200424B55 /* Frameworks */ = {
			isa = PBXGroup;
			children = (
			);
			name = Frameworks;
			sourceTree = "<group>";
		};
/* End PBXGroup section */

/* Begin PBXHeadersBuildPhase section */
		DA36370B220078C400424B55 /* Headers */ = {
			isa = PBXHeadersBuildPhase;
			buildActionMask = 2147483647;
			files = (
				DA363722220078C500424B55 /* RedViewModuleFramework.h in Headers */,
			);
			runOnlyForDeploymentPostprocessing = 0;
		};
/* End PBXHeadersBuildPhase section */

/* Begin PBXNativeTarget section */
		DA3636E72200783700424B55 /* RedViewModule */ = {
			isa = PBXNativeTarget;
			buildConfigurationList = DA3637052200783700424B55 /* Build configuration list for PBXNativeTarget "RedViewModule" */;
			buildPhases = (
				DA3636E42200783700424B55 /* Sources */,
				DA3636E52200783700424B55 /* Frameworks */,
				DA3636E62200783700424B55 /* Resources */,
				DAB3E75822030B8C00CE6E3A /* Embed Frameworks */,
			);
			buildRules = (
			);
			dependencies = (
				DAB3E75722030B8C00CE6E3A /* PBXTargetDependency */,
			);
			name = RedViewModule;
			productName = RedViewModule;
			productReference = DA3636E82200783700424B55 /* RedViewModule.app */;
			productType = "com.apple.product-type.application";
		};
		DA3636FB2200783700424B55 /* RedViewModuleTests */ = {
			isa = PBXNativeTarget;
			buildConfigurationList = DA3637082200783700424B55 /* Build configuration list for PBXNativeTarget "RedViewModuleTests" */;
			buildPhases = (
				DA3636F82200783700424B55 /* Sources */,
				DA3636F92200783700424B55 /* Frameworks */,
				DA3636FA2200783700424B55 /* Resources */,
			);
			buildRules = (
			);
			dependencies = (
				DA3636FE2200783700424B55 /* PBXTargetDependency */,
			);
			name = RedViewModuleTests;
			productName = RedViewModuleTests;
			productReference = DA3636FC2200783700424B55 /* RedViewModuleTests.xctest */;
			productType = "com.apple.product-type.bundle.unit-test";
		};
		DA36370F220078C400424B55 /* RedViewModuleFramework */ = {
			isa = PBXNativeTarget;
			buildConfigurationList = DA363727220078C500424B55 /* Build configuration list for PBXNativeTarget "RedViewModuleFramework" */;
			buildPhases = (
				DA36370B220078C400424B55 /* Headers */,
				DA36370C220078C400424B55 /* Sources */,
				DA36370D220078C400424B55 /* Frameworks */,
				DA36370E220078C400424B55 /* Resources */,
			);
			buildRules = (
			);
			dependencies = (
			);
			name = RedViewModuleFramework;
			productName = RedViewModuleFramework;
			productReference = DA363710220078C400424B55 /* RedViewModuleFramework.framework */;
			productType = "com.apple.product-type.framework";
		};
		DA363717220078C500424B55 /* RedViewModuleFrameworkTests */ = {
			isa = PBXNativeTarget;
			buildConfigurationList = DA36372B220078C500424B55 /* Build configuration list for PBXNativeTarget "RedViewModuleFrameworkTests" */;
			buildPhases = (
				DA363714220078C500424B55 /* Sources */,
				DA363715220078C500424B55 /* Frameworks */,
				DA363716220078C500424B55 /* Resources */,
			);
			buildRules = (
			);
			dependencies = (
				DA36371B220078C500424B55 /* PBXTargetDependency */,
				DA36371D220078C500424B55 /* PBXTargetDependency */,
			);
			name = RedViewModuleFrameworkTests;
			productName = RedViewModuleFrameworkTests;
			productReference = DA363718220078C500424B55 /* RedViewModuleFrameworkTests.xctest */;
			productType = "com.apple.product-type.bundle.unit-test";
		};
/* End PBXNativeTarget section */

/* Begin PBXProject section */
		DA3636E02200783700424B55 /* Project object */ = {
			isa = PBXProject;
			attributes = {
				LastSwiftUpdateCheck = 1010;
				LastUpgradeCheck = 1010;
				ORGANIZATIONNAME = "Mark Jarecki";
				TargetAttributes = {
					DA3636E72200783700424B55 = {
						CreatedOnToolsVersion = 10.1;
					};
					DA3636FB2200783700424B55 = {
						CreatedOnToolsVersion = 10.1;
						TestTargetID = DA3636E72200783700424B55;
					};
					DA36370F220078C400424B55 = {
						CreatedOnToolsVersion = 10.1;
					};
					DA363717220078C500424B55 = {
						CreatedOnToolsVersion = 10.1;
						TestTargetID = DA3636E72200783700424B55;
					};
				};
			};
			buildConfigurationList = DA3636E32200783700424B55 /* Build configuration list for PBXProject "RedViewModule" */;
			compatibilityVersion = "Xcode 9.3";
			developmentRegion = en;
			hasScannedForEncodings = 0;
			knownRegions = (
				en,
				Base,
			);
			mainGroup = DA3636DF2200783700424B55;
			productRefGroup = DA3636E92200783700424B55 /* Products */;
			projectDirPath = "";
			projectRoot = "";
			targets = (
				DA3636E72200783700424B55 /* RedViewModule */,
				DA3636FB2200783700424B55 /* RedViewModuleTests */,
				DA36370F220078C400424B55 /* RedViewModuleFramework */,
				DA363717220078C500424B55 /* RedViewModuleFrameworkTests */,
			);
		};
/* End PBXProject section */

/* Begin PBXResourcesBuildPhase section */
		DA3636E62200783700424B55 /* Resources */ = {
			isa = PBXResourcesBuildPhase;
			buildActionMask = 2147483647;
			files = (
				DA3636F62200783700424B55 /* LaunchScreen.storyboard in Resources */,
				DA3636F32200783700424B55 /* Assets.xcassets in Resources */,
			);
			runOnlyForDeploymentPostprocessing = 0;
		};
		DA3636FA2200783700424B55 /* Resources */ = {
			isa = PBXResourcesBuildPhase;
			buildActionMask = 2147483647;
			files = (
			);
			runOnlyForDeploymentPostprocessing = 0;
		};
		DA36370E220078C400424B55 /* Resources */ = {
			isa = PBXResourcesBuildPhase;
			buildActionMask = 2147483647;
			files = (
			);
			runOnlyForDeploymentPostprocessing = 0;
		};
		DA363716220078C500424B55 /* Resources */ = {
			isa = PBXResourcesBuildPhase;
			buildActionMask = 2147483647;
			files = (
			);
			runOnlyForDeploymentPostprocessing = 0;
		};
/* End PBXResourcesBuildPhase section */

/* Begin PBXSourcesBuildPhase section */
		DA3636E42200783700424B55 /* Sources */ = {
			isa = PBXSourcesBuildPhase;
			buildActionMask = 2147483647;
			files = (
				DA3636EC2200783700424B55 /* AppDelegate.swift in Sources */,
			);
			runOnlyForDeploymentPostprocessing = 0;
		};
		DA3636F82200783700424B55 /* Sources */ = {
			isa = PBXSourcesBuildPhase;
			buildActionMask = 2147483647;
			files = (
				DA3637012200783700424B55 /* RedViewModuleTests.swift in Sources */,
			);
			runOnlyForDeploymentPostprocessing = 0;
		};
		DA36370C220078C400424B55 /* Sources */ = {
			isa = PBXSourcesBuildPhase;
			buildActionMask = 2147483647;
			files = (
				DA36372E2200796400424B55 /* RedViewController.swift in Sources */,
			);
			runOnlyForDeploymentPostprocessing = 0;
		};
		DA363714220078C500424B55 /* Sources */ = {
			isa = PBXSourcesBuildPhase;
			buildActionMask = 2147483647;
			files = (
				DA363720220078C500424B55 /* RedViewModuleFrameworkTests.swift in Sources */,
			);
			runOnlyForDeploymentPostprocessing = 0;
		};
/* End PBXSourcesBuildPhase section */

/* Begin PBXTargetDependency section */
		DA3636FE2200783700424B55 /* PBXTargetDependency */ = {
			isa = PBXTargetDependency;
			target = DA3636E72200783700424B55 /* RedViewModule */;
			targetProxy = DA3636FD2200783700424B55 /* PBXContainerItemProxy */;
		};
		DA36371B220078C500424B55 /* PBXTargetDependency */ = {
			isa = PBXTargetDependency;
			target = DA36370F220078C400424B55 /* RedViewModuleFramework */;
			targetProxy = DA36371A220078C500424B55 /* PBXContainerItemProxy */;
		};
		DA36371D220078C500424B55 /* PBXTargetDependency */ = {
			isa = PBXTargetDependency;
			target = DA3636E72200783700424B55 /* RedViewModule */;
			targetProxy = DA36371C220078C500424B55 /* PBXContainerItemProxy */;
		};
		DAB3E75722030B8C00CE6E3A /* PBXTargetDependency */ = {
			isa = PBXTargetDependency;
			target = DA36370F220078C400424B55 /* RedViewModuleFramework */;
			targetProxy = DAB3E75622030B8C00CE6E3A /* PBXContainerItemProxy */;
		};
/* End PBXTargetDependency section */

/* Begin PBXVariantGroup section */
		DA3636F42200783700424B55 /* LaunchScreen.storyboard */ = {
			isa = PBXVariantGroup;
			children = (
				DA3636F52200783700424B55 /* Base */,
			);
			name = LaunchScreen.storyboard;
			sourceTree = "<group>";
		};
/* End PBXVariantGroup section */

/* Begin XCBuildConfiguration section */
		DA3637032200783700424B55 /* Debug */ = {
			isa = XCBuildConfiguration;
			buildSettings = {
				ALWAYS_SEARCH_USER_PATHS = NO;
				CLANG_ANALYZER_NONNULL = YES;
				CLANG_ANALYZER_NUMBER_OBJECT_CONVERSION = YES_AGGRESSIVE;
				CLANG_CXX_LANGUAGE_STANDARD = "gnu++14";
				CLANG_CXX_LIBRARY = "libc++";
				CLANG_ENABLE_MODULES = YES;
				CLANG_ENABLE_OBJC_ARC = YES;
				CLANG_ENABLE_OBJC_WEAK = YES;
				CLANG_WARN_BLOCK_CAPTURE_AUTORELEASING = YES;
				CLANG_WARN_BOOL_CONVERSION = YES;
				CLANG_WARN_COMMA = YES;
				CLANG_WARN_CONSTANT_CONVERSION = YES;
				CLANG_WARN_DEPRECATED_OBJC_IMPLEMENTATIONS = YES;
				CLANG_WARN_DIRECT_OBJC_ISA_USAGE = YES_ERROR;
				CLANG_WARN_DOCUMENTATION_COMMENTS = YES;
				CLANG_WARN_EMPTY_BODY = YES;
				CLANG_WARN_ENUM_CONVERSION = YES;
				CLANG_WARN_INFINITE_RECURSION = YES;
				CLANG_WARN_INT_CONVERSION = YES;
				CLANG_WARN_NON_LITERAL_NULL_CONVERSION = YES;
				CLANG_WARN_OBJC_IMPLICIT_RETAIN_SELF = YES;
				CLANG_WARN_OBJC_LITERAL_CONVERSION = YES;
				CLANG_WARN_OBJC_ROOT_CLASS = YES_ERROR;
				CLANG_WARN_RANGE_LOOP_ANALYSIS = YES;
				CLANG_WARN_STRICT_PROTOTYPES = YES;
				CLANG_WARN_SUSPICIOUS_MOVE = YES;
				CLANG_WARN_UNGUARDED_AVAILABILITY = YES_AGGRESSIVE;
				CLANG_WARN_UNREACHABLE_CODE = YES;
				CLANG_WARN__DUPLICATE_METHOD_MATCH = YES;
				CODE_SIGN_IDENTITY = "iPhone Developer";
				COPY_PHASE_STRIP = NO;
				DEBUG_INFORMATION_FORMAT = dwarf;
				ENABLE_STRICT_OBJC_MSGSEND = YES;
				ENABLE_TESTABILITY = YES;
				GCC_C_LANGUAGE_STANDARD = gnu11;
				GCC_DYNAMIC_NO_PIC = NO;
				GCC_NO_COMMON_BLOCKS = YES;
				GCC_OPTIMIZATION_LEVEL = 0;
				GCC_PREPROCESSOR_DEFINITIONS = (
					"DEBUG=1",
					"$(inherited)",
				);
				GCC_WARN_64_TO_32_BIT_CONVERSION = YES;
				GCC_WARN_ABOUT_RETURN_TYPE = YES_ERROR;
				GCC_WARN_UNDECLARED_SELECTOR = YES;
				GCC_WARN_UNINITIALIZED_AUTOS = YES_AGGRESSIVE;
				GCC_WARN_UNUSED_FUNCTION = YES;
				GCC_WARN_UNUSED_VARIABLE = YES;
				IPHONEOS_DEPLOYMENT_TARGET = 12.1;
				MTL_ENABLE_DEBUG_INFO = INCLUDE_SOURCE;
				MTL_FAST_MATH = YES;
				ONLY_ACTIVE_ARCH = YES;
				SDKROOT = iphoneos;
				SWIFT_ACTIVE_COMPILATION_CONDITIONS = DEBUG;
				SWIFT_OPTIMIZATION_LEVEL = "-Onone";
			};
			name = Debug;
		};
		DA3637042200783700424B55 /* Release */ = {
			isa = XCBuildConfiguration;
			buildSettings = {
				ALWAYS_SEARCH_USER_PATHS = NO;
				CLANG_ANALYZER_NONNULL = YES;
				CLANG_ANALYZER_NUMBER_OBJECT_CONVERSION = YES_AGGRESSIVE;
				CLANG_CXX_LANGUAGE_STANDARD = "gnu++14";
				CLANG_CXX_LIBRARY = "libc++";
				CLANG_ENABLE_MODULES = YES;
				CLANG_ENABLE_OBJC_ARC = YES;
				CLANG_ENABLE_OBJC_WEAK = YES;
				CLANG_WARN_BLOCK_CAPTURE_AUTORELEASING = YES;
				CLANG_WARN_BOOL_CONVERSION = YES;
				CLANG_WARN_COMMA = YES;
				CLANG_WARN_CONSTANT_CONVERSION = YES;
				CLANG_WARN_DEPRECATED_OBJC_IMPLEMENTATIONS = YES;
				CLANG_WARN_DIRECT_OBJC_ISA_USAGE = YES_ERROR;
				CLANG_WARN_DOCUMENTATION_COMMENTS = YES;
				CLANG_WARN_EMPTY_BODY = YES;
				CLANG_WARN_ENUM_CONVERSION = YES;
				CLANG_WARN_INFINITE_RECURSION = YES;
				CLANG_WARN_INT_CONVERSION = YES;
				CLANG_WARN_NON_LITERAL_NULL_CONVERSION = YES;
				CLANG_WARN_OBJC_IMPLICIT_RETAIN_SELF = YES;
				CLANG_WARN_OBJC_LITERAL_CONVERSION = YES;
				CLANG_WARN_OBJC_ROOT_CLASS = YES_ERROR;
				CLANG_WARN_RANGE_LOOP_ANALYSIS = YES;
				CLANG_WARN_STRICT_PROTOTYPES = YES;
				CLANG_WARN_SUSPICIOUS_MOVE = YES;
				CLANG_WARN_UNGUARDED_AVAILABILITY = YES_AGGRESSIVE;
				CLANG_WARN_UNREACHABLE_CODE = YES;
				CLANG_WARN__DUPLICATE_METHOD_MATCH = YES;
				CODE_SIGN_IDENTITY = "iPhone Developer";
				COPY_PHASE_STRIP = NO;
				DEBUG_INFORMATION_FORMAT = "dwarf-with-dsym";
				ENABLE_NS_ASSERTIONS = NO;
				ENABLE_STRICT_OBJC_MSGSEND = YES;
				GCC_C_LANGUAGE_STANDARD = gnu11;
				GCC_NO_COMMON_BLOCKS = YES;
				GCC_WARN_64_TO_32_BIT_CONVERSION = YES;
				GCC_WARN_ABOUT_RETURN_TYPE = YES_ERROR;
				GCC_WARN_UNDECLARED_SELECTOR = YES;
				GCC_WARN_UNINITIALIZED_AUTOS = YES_AGGRESSIVE;
				GCC_WARN_UNUSED_FUNCTION = YES;
				GCC_WARN_UNUSED_VARIABLE = YES;
				IPHONEOS_DEPLOYMENT_TARGET = 12.1;
				MTL_ENABLE_DEBUG_INFO = NO;
				MTL_FAST_MATH = YES;
				SDKROOT = iphoneos;
				SWIFT_COMPILATION_MODE = wholemodule;
				SWIFT_OPTIMIZATION_LEVEL = "-O";
				VALIDATE_PRODUCT = YES;
			};
			name = Release;
		};
		DA3637062200783700424B55 /* Debug */ = {
			isa = XCBuildConfiguration;
			buildSettings = {
				ALWAYS_EMBED_SWIFT_STANDARD_LIBRARIES = YES;
				ASSETCATALOG_COMPILER_APPICON_NAME = AppIcon;
				CODE_SIGN_STYLE = Automatic;
				DEVELOPMENT_TEAM = T2J2MP846S;
				INFOPLIST_FILE = RedViewModule/Info.plist;
				LD_RUNPATH_SEARCH_PATHS = (
					"$(inherited)",
					"@executable_path/Frameworks",
				);
				PRODUCT_BUNDLE_IDENTIFIER = com.fluxom.RedViewModule;
				PRODUCT_NAME = "$(TARGET_NAME)";
				SWIFT_VERSION = 4.2;
				TARGETED_DEVICE_FAMILY = 1;
			};
			name = Debug;
		};
		DA3637072200783700424B55 /* Release */ = {
			isa = XCBuildConfiguration;
			buildSettings = {
				ALWAYS_EMBED_SWIFT_STANDARD_LIBRARIES = YES;
				ASSETCATALOG_COMPILER_APPICON_NAME = AppIcon;
				CODE_SIGN_STYLE = Automatic;
				DEVELOPMENT_TEAM = T2J2MP846S;
				INFOPLIST_FILE = RedViewModule/Info.plist;
				LD_RUNPATH_SEARCH_PATHS = (
					"$(inherited)",
					"@executable_path/Frameworks",
				);
				PRODUCT_BUNDLE_IDENTIFIER = com.fluxom.RedViewModule;
				PRODUCT_NAME = "$(TARGET_NAME)";
				SWIFT_VERSION = 4.2;
				TARGETED_DEVICE_FAMILY = 1;
			};
			name = Release;
		};
		DA3637092200783700424B55 /* Debug */ = {
			isa = XCBuildConfiguration;
			buildSettings = {
				ALWAYS_EMBED_SWIFT_STANDARD_LIBRARIES = YES;
				BUNDLE_LOADER = "$(TEST_HOST)";
				CODE_SIGN_STYLE = Automatic;
				DEVELOPMENT_TEAM = T2J2MP846S;
				INFOPLIST_FILE = RedViewModuleTests/Info.plist;
				LD_RUNPATH_SEARCH_PATHS = (
					"$(inherited)",
					"@executable_path/Frameworks",
					"@loader_path/Frameworks",
				);
				PRODUCT_BUNDLE_IDENTIFIER = com.fluxom.RedViewModuleTests;
				PRODUCT_NAME = "$(TARGET_NAME)";
				SWIFT_VERSION = 4.2;
				TARGETED_DEVICE_FAMILY = "1,2";
				TEST_HOST = "$(BUILT_PRODUCTS_DIR)/RedViewModule.app/RedViewModule";
			};
			name = Debug;
		};
		DA36370A2200783700424B55 /* Release */ = {
			isa = XCBuildConfiguration;
			buildSettings = {
				ALWAYS_EMBED_SWIFT_STANDARD_LIBRARIES = YES;
				BUNDLE_LOADER = "$(TEST_HOST)";
				CODE_SIGN_STYLE = Automatic;
				DEVELOPMENT_TEAM = T2J2MP846S;
				INFOPLIST_FILE = RedViewModuleTests/Info.plist;
				LD_RUNPATH_SEARCH_PATHS = (
					"$(inherited)",
					"@executable_path/Frameworks",
					"@loader_path/Frameworks",
				);
				PRODUCT_BUNDLE_IDENTIFIER = com.fluxom.RedViewModuleTests;
				PRODUCT_NAME = "$(TARGET_NAME)";
				SWIFT_VERSION = 4.2;
				TARGETED_DEVICE_FAMILY = "1,2";
				TEST_HOST = "$(BUILT_PRODUCTS_DIR)/RedViewModule.app/RedViewModule";
			};
			name = Release;
		};
		DA363728220078C500424B55 /* Debug */ = {
			isa = XCBuildConfiguration;
			buildSettings = {
				CODE_SIGN_IDENTITY = "";
				CODE_SIGN_STYLE = Automatic;
				CURRENT_PROJECT_VERSION = 1;
				DEFINES_MODULE = YES;
				DEVELOPMENT_TEAM = T2J2MP846S;
				DYLIB_COMPATIBILITY_VERSION = 1;
				DYLIB_CURRENT_VERSION = 1;
				DYLIB_INSTALL_NAME_BASE = "@rpath";
				INFOPLIST_FILE = RedViewModuleFramework/Info.plist;
				INSTALL_PATH = "$(LOCAL_LIBRARY_DIR)/Frameworks";
				LD_RUNPATH_SEARCH_PATHS = (
					"$(inherited)",
					"@executable_path/Frameworks",
					"@loader_path/Frameworks",
				);
				PRODUCT_BUNDLE_IDENTIFIER = com.fluxom.RedViewModuleFramework;
				PRODUCT_NAME = "$(TARGET_NAME:c99extidentifier)";
				SKIP_INSTALL = YES;
				SWIFT_VERSION = 4.2;
				TARGETED_DEVICE_FAMILY = "1,2";
				VERSIONING_SYSTEM = "apple-generic";
				VERSION_INFO_PREFIX = "";
			};
			name = Debug;
		};
		DA363729220078C500424B55 /* Release */ = {
			isa = XCBuildConfiguration;
			buildSettings = {
				CODE_SIGN_IDENTITY = "";
				CODE_SIGN_STYLE = Automatic;
				CURRENT_PROJECT_VERSION = 1;
				DEFINES_MODULE = YES;
				DEVELOPMENT_TEAM = T2J2MP846S;
				DYLIB_COMPATIBILITY_VERSION = 1;
				DYLIB_CURRENT_VERSION = 1;
				DYLIB_INSTALL_NAME_BASE = "@rpath";
				INFOPLIST_FILE = RedViewModuleFramework/Info.plist;
				INSTALL_PATH = "$(LOCAL_LIBRARY_DIR)/Frameworks";
				LD_RUNPATH_SEARCH_PATHS = (
					"$(inherited)",
					"@executable_path/Frameworks",
					"@loader_path/Frameworks",
				);
				PRODUCT_BUNDLE_IDENTIFIER = com.fluxom.RedViewModuleFramework;
				PRODUCT_NAME = "$(TARGET_NAME:c99extidentifier)";
				SKIP_INSTALL = YES;
				SWIFT_VERSION = 4.2;
				TARGETED_DEVICE_FAMILY = "1,2";
				VERSIONING_SYSTEM = "apple-generic";
				VERSION_INFO_PREFIX = "";
			};
			name = Release;
		};
		DA36372C220078C500424B55 /* Debug */ = {
			isa = XCBuildConfiguration;
			buildSettings = {
				ALWAYS_EMBED_SWIFT_STANDARD_LIBRARIES = YES;
				CODE_SIGN_STYLE = Automatic;
				DEVELOPMENT_TEAM = T2J2MP846S;
				INFOPLIST_FILE = RedViewModuleFrameworkTests/Info.plist;
				LD_RUNPATH_SEARCH_PATHS = (
					"$(inherited)",
					"@executable_path/Frameworks",
					"@loader_path/Frameworks",
				);
				PRODUCT_BUNDLE_IDENTIFIER = com.fluxom.RedViewModuleFrameworkTests;
				PRODUCT_NAME = "$(TARGET_NAME)";
				SWIFT_VERSION = 4.2;
				TARGETED_DEVICE_FAMILY = "1,2";
				TEST_HOST = "$(BUILT_PRODUCTS_DIR)/RedViewModule.app/RedViewModule";
			};
			name = Debug;
		};
		DA36372D220078C500424B55 /* Release */ = {
			isa = XCBuildConfiguration;
			buildSettings = {
				ALWAYS_EMBED_SWIFT_STANDARD_LIBRARIES = YES;
				CODE_SIGN_STYLE = Automatic;
				DEVELOPMENT_TEAM = T2J2MP846S;
				INFOPLIST_FILE = RedViewModuleFrameworkTests/Info.plist;
				LD_RUNPATH_SEARCH_PATHS = (
					"$(inherited)",
					"@executable_path/Frameworks",
					"@loader_path/Frameworks",
				);
				PRODUCT_BUNDLE_IDENTIFIER = com.fluxom.RedViewModuleFrameworkTests;
				PRODUCT_NAME = "$(TARGET_NAME)";
				SWIFT_VERSION = 4.2;
				TARGETED_DEVICE_FAMILY = "1,2";
				TEST_HOST = "$(BUILT_PRODUCTS_DIR)/RedViewModule.app/RedViewModule";
			};
			name = Release;
		};
/* End XCBuildConfiguration section */

/* Begin XCConfigurationList section */
		DA3636E32200783700424B55 /* Build configuration list for PBXProject "RedViewModule" */ = {
			isa = XCConfigurationList;
			buildConfigurations = (
				DA3637032200783700424B55 /* Debug */,
				DA3637042200783700424B55 /* Release */,
			);
			defaultConfigurationIsVisible = 0;
			defaultConfigurationName = Release;
		};
		DA3637052200783700424B55 /* Build configuration list for PBXNativeTarget "RedViewModule" */ = {
			isa = XCConfigurationList;
			buildConfigurations = (
				DA3637062200783700424B55 /* Debug */,
				DA3637072200783700424B55 /* Release */,
			);
			defaultConfigurationIsVisible = 0;
			defaultConfigurationName = Release;
		};
		DA3637082200783700424B55 /* Build configuration list for PBXNativeTarget "RedViewModuleTests" */ = {
			isa = XCConfigurationList;
			buildConfigurations = (
				DA3637092200783700424B55 /* Debug */,
				DA36370A2200783700424B55 /* Release */,
			);
			defaultConfigurationIsVisible = 0;
			defaultConfigurationName = Release;
		};
		DA363727220078C500424B55 /* Build configuration list for PBXNativeTarget "RedViewModuleFramework" */ = {
			isa = XCConfigurationList;
			buildConfigurations = (
				DA363728220078C500424B55 /* Debug */,
				DA363729220078C500424B55 /* Release */,
			);
			defaultConfigurationIsVisible = 0;
			defaultConfigurationName = Release;
		};
		DA36372B220078C500424B55 /* Build configuration list for PBXNativeTarget "RedViewModuleFrameworkTests" */ = {
			isa = XCConfigurationList;
			buildConfigurations = (
				DA36372C220078C500424B55 /* Debug */,
				DA36372D220078C500424B55 /* Release */,
			);
			defaultConfigurationIsVisible = 0;
			defaultConfigurationName = Release;
		};
/* End XCConfigurationList section */
	};
	rootObject = DA3636E02200783700424B55 /* Project object */;
}
